
Microsoft Visual Studio Solution File, Format Version 12.00
# Visual Studio Version 17
VisualStudioVersion = 17.0.31903.59
MinimumVisualStudioVersion = 15.0.26124.0
Project("{9A19103F-16F7-4668-BE54-9A1E7A4F7556}") = "dotnetCampus.OfficeDocumentZipper", "src\dotnetCampus.OfficeDocumentZipper\dotnetCampus.OfficeDocumentZipper.csproj", "{EF60ACE4-91B3-4731-8530-F3CD922E922D}"
EndProject
Project("{2150E333-8FDC-42A3-9474-1A3956D46DE8}") = "Solution Items", "Solution Items", "{A80DBE61-A86F-4F1E-B638-999F15ED9EE3}"
	ProjectSection(SolutionItems) = preProject
		.gitattributes = .gitattributes
		.gitignore = .gitignore
		CHANGELOG.md = CHANGELOG.md
		Directory.Build.props = Directory.Build.props
		README.md = README.md
		README.zh-cn.md = README.zh-cn.md
		build\Version.props = build\Version.props
	EndProjectSection
EndProject
Project("{9A19103F-16F7-4668-BE54-9A1E7A4F7556}") = "dotnetCampus.OpenXmlUnitConverter", "src\dotnetCampus.OpenXmlUnitConverter\dotnetCampus.OpenXmlUnitConverter.csproj", "{DFF5A479-FCEE-431D-85C6-8E0D03E64F46}"
EndProject
Project("{9A19103F-16F7-4668-BE54-9A1E7A4F7556}") = "dotnetCampus.OpenXMLUnitConverter.Tests", "tests\dotnetCampus.OpenXMLUnitConverter.Tests\dotnetCampus.OpenXMLUnitConverter.Tests.csproj", "{86010F5E-F7FD-40C9-96D7-491356A90139}"
EndProject
Project("{2150E333-8FDC-42A3-9474-1A3956D46DE8}") = "DocumentFormat.OpenXml.Flatten", "DocumentFormat.OpenXml.Flatten", "{1DCDA9B1-ED7A-4825-BBA3-E3561006E4AF}"
	ProjectSection(SolutionItems) = preProject
		src\DocumentFormat.OpenXml.Flatten\README.md = src\DocumentFormat.OpenXml.Flatten\README.md
	EndProjectSection
EndProject
Project("{9A19103F-16F7-4668-BE54-9A1E7A4F7556}") = "dotnetCampus.DocumentFormat.OpenXml.Flatten", "src\DocumentFormat.OpenXml.Flatten\DocumentFormat.OpenXml.Flatten\dotnetCampus.DocumentFormat.OpenXml.Flatten.csproj", "{6003FD01-7DC7-4F99-8878-7AE3ABF40BE6}"
EndProject
Project("{2150E333-8FDC-42A3-9474-1A3956D46DE8}") = "Tool", "Tool", "{8A1ED232-9A93-4D88-AC6D-3E3D4EA98FAD}"
EndProject
Project("{2150E333-8FDC-42A3-9474-1A3956D46DE8}") = "OpenXmlUnitConverter", "OpenXmlUnitConverter", "{D0552FF1-B2AE-4878-B6B7-F792C326371C}"
EndProject
Project("{2150E333-8FDC-42A3-9474-1A3956D46DE8}") = "Demo", "Demo", "{DD7004DD-9977-454D-BBFB-24AAE687774E}"
EndProject
Project("{2150E333-8FDC-42A3-9474-1A3956D46DE8}") = "DocumentFormat.OpenXml.Flatten.Demo", "DocumentFormat.OpenXml.Flatten.Demo", "{6C254B4C-2804-4594-9310-7680B67C1118}"
EndProject
Project("{2150E333-8FDC-42A3-9474-1A3956D46DE8}") = "WPF", "WPF", "{A4560736-9A62-4C84-B655-6D61F453BF26}"
EndProject
Project("{9A19103F-16F7-4668-BE54-9A1E7A4F7556}") = "MauiForWpf", "demo\DocumentFormat.OpenXml.Flatten.Demo\WPF\MauiForWpf\MauiForWpf.csproj", "{8C2218A5-5B0E-4B4F-A789-6A1362A4B09A}"
EndProject
Project("{9A19103F-16F7-4668-BE54-9A1E7A4F7556}") = "OpenXmlFlattenMauiForWpfDemo", "demo\DocumentFormat.OpenXml.Flatten.Demo\WPF\OpenXmlFlattenMauiForWpfDemo\OpenXmlFlattenMauiForWpfDemo.csproj", "{3DDFBC6E-EE82-4E62-A30A-74FB99F391CA}"
EndProject
Project("{2150E333-8FDC-42A3-9474-1A3956D46DE8}") = "MAUI", "MAUI", "{81432592-BC2D-4F2D-9D41-B081B5FAE3D3}"
EndProject
Project("{FAE04EC0-301F-11D3-BF4B-00C04F79EFBC}") = "MauiPptxViewerCore", "demo\DocumentFormat.OpenXml.Flatten.Demo\MAUI\MauiPptxViewerCore\MauiPptxViewerCore.csproj", "{3DDEEA33-22B1-4DDD-A7A0-EB795EE760F8}"
EndProject
Global
	GlobalSection(SolutionConfigurationPlatforms) = preSolution
		Debug|Any CPU = Debug|Any CPU
		Release|Any CPU = Release|Any CPU
	EndGlobalSection
	GlobalSection(ProjectConfigurationPlatforms) = postSolution
		{EF60ACE4-91B3-4731-8530-F3CD922E922D}.Debug|Any CPU.ActiveCfg = Debug|Any CPU
		{EF60ACE4-91B3-4731-8530-F3CD922E922D}.Debug|Any CPU.Build.0 = Debug|Any CPU
		{EF60ACE4-91B3-4731-8530-F3CD922E922D}.Release|Any CPU.ActiveCfg = Release|Any CPU
		{EF60ACE4-91B3-4731-8530-F3CD922E922D}.Release|Any CPU.Build.0 = Release|Any CPU
		{DFF5A479-FCEE-431D-85C6-8E0D03E64F46}.Debug|Any CPU.ActiveCfg = Debug|Any CPU
		{DFF5A479-FCEE-431D-85C6-8E0D03E64F46}.Debug|Any CPU.Build.0 = Debug|Any CPU
		{DFF5A479-FCEE-431D-85C6-8E0D03E64F46}.Release|Any CPU.ActiveCfg = Release|Any CPU
		{DFF5A479-FCEE-431D-85C6-8E0D03E64F46}.Release|Any CPU.Build.0 = Release|Any CPU
		{86010F5E-F7FD-40C9-96D7-491356A90139}.Debug|Any CPU.ActiveCfg = Debug|Any CPU
		{86010F5E-F7FD-40C9-96D7-491356A90139}.Debug|Any CPU.Build.0 = Debug|Any CPU
		{86010F5E-F7FD-40C9-96D7-491356A90139}.Release|Any CPU.ActiveCfg = Release|Any CPU
		{86010F5E-F7FD-40C9-96D7-491356A90139}.Release|Any CPU.Build.0 = Release|Any CPU
		{6003FD01-7DC7-4F99-8878-7AE3ABF40BE6}.Debug|Any CPU.ActiveCfg = Debug|Any CPU
		{6003FD01-7DC7-4F99-8878-7AE3ABF40BE6}.Debug|Any CPU.Build.0 = Debug|Any CPU
		{6003FD01-7DC7-4F99-8878-7AE3ABF40BE6}.Release|Any CPU.ActiveCfg = Release|Any CPU
		{6003FD01-7DC7-4F99-8878-7AE3ABF40BE6}.Release|Any CPU.Build.0 = Release|Any CPU
		{8C2218A5-5B0E-4B4F-A789-6A1362A4B09A}.Debug|Any CPU.ActiveCfg = Debug|Any CPU
		{8C2218A5-5B0E-4B4F-A789-6A1362A4B09A}.Debug|Any CPU.Build.0 = Debug|Any CPU
		{8C2218A5-5B0E-4B4F-A789-6A1362A4B09A}.Release|Any CPU.ActiveCfg = Release|Any CPU
		{8C2218A5-5B0E-4B4F-A789-6A1362A4B09A}.Release|Any CPU.Build.0 = Release|Any CPU
		{3DDFBC6E-EE82-4E62-A30A-74FB99F391CA}.Debug|Any CPU.ActiveCfg = Debug|Any CPU
		{3DDFBC6E-EE82-4E62-A30A-74FB99F391CA}.Debug|Any CPU.Build.0 = Debug|Any CPU
		{3DDFBC6E-EE82-4E62-A30A-74FB99F391CA}.Release|Any CPU.ActiveCfg = Release|Any CPU
		{3DDFBC6E-EE82-4E62-A30A-74FB99F391CA}.Release|Any CPU.Build.0 = Release|Any CPU
		{3DDEEA33-22B1-4DDD-A7A0-EB795EE760F8}.Debug|Any CPU.ActiveCfg = Debug|Any CPU
		{3DDEEA33-22B1-4DDD-A7A0-EB795EE760F8}.Debug|Any CPU.Build.0 = Debug|Any CPU
		{3DDEEA33-22B1-4DDD-A7A0-EB795EE760F8}.Release|Any CPU.ActiveCfg = Release|Any CPU
		{3DDEEA33-22B1-4DDD-A7A0-EB795EE760F8}.Release|Any CPU.Build.0 = Release|Any CPU
	EndGlobalSection
	GlobalSection(SolutionProperties) = preSolution
		HideSolutionNode = FALSE
	EndGlobalSection
	GlobalSection(NestedProjects) = preSolution
		{EF60ACE4-91B3-4731-8530-F3CD922E922D} = {8A1ED232-9A93-4D88-AC6D-3E3D4EA98FAD}
		{DFF5A479-FCEE-431D-85C6-8E0D03E64F46} = {D0552FF1-B2AE-4878-B6B7-F792C326371C}
		{86010F5E-F7FD-40C9-96D7-491356A90139} = {D0552FF1-B2AE-4878-B6B7-F792C326371C}
		{6003FD01-7DC7-4F99-8878-7AE3ABF40BE6} = {1DCDA9B1-ED7A-4825-BBA3-E3561006E4AF}
		{6C254B4C-2804-4594-9310-7680B67C1118} = {DD7004DD-9977-454D-BBFB-24AAE687774E}
		{A4560736-9A62-4C84-B655-6D61F453BF26} = {6C254B4C-2804-4594-9310-7680B67C1118}
		{8C2218A5-5B0E-4B4F-A789-6A1362A4B09A} = {A4560736-9A62-4C84-B655-6D61F453BF26}
		{3DDFBC6E-EE82-4E62-A30A-74FB99F391CA} = {A4560736-9A62-4C84-B655-6D61F453BF26}
		{81432592-BC2D-4F2D-9D41-B081B5FAE3D3} = {6C254B4C-2804-4594-9310-7680B67C1118}
		{3DDEEA33-22B1-4DDD-A7A0-EB795EE760F8} = {81432592-BC2D-4F2D-9D41-B081B5FAE3D3}
	EndGlobalSection
	GlobalSection(ExtensibilityGlobals) = postSolution
		SolutionGuid = {90F871FB-EAC2-449B-8601-3562C03CC566}
	EndGlobalSection
EndGlobal
